{
  "name": "@sveltepress/twoslash",
  "version": "0.3.0",
  "lockfileVersion": 3,
  "requires": true,
  "packages": {
    "": {
      "name": "@sveltepress/twoslash",
      "version": "0.3.0",
      "license": "MIT",
      "dependencies": {
        "@floating-ui/dom": "^1.6.3",
        "@shikijs/twoslash": "^1.16.1",
        "mdast-util-from-markdown": "^2.0.0",
        "mdast-util-gfm": "^3.0.0",
        "mdast-util-to-hast": "^13.1.0",
        "shiki": "^1.1.7",
        "svelte-language-server": "^0.16.5",
        "twoslash": "^0.2.4",
        "twoslash-protocol": "^0.2.4"
      },
      "devDependencies": {
        "@sveltejs/package": "^2.2.7",
        "@sveltejs/vite-plugin-svelte": "^3.0.2",
        "@types/hast": "^3.0.4",
        "svelte2tsx": "^0.7.4",
        "typescript": "^5.3.3",
        "vitest": "^1.3.1"
      },
      "peerDependencies": {
        "svelte": "^3.55.1 || ^4.0.0"
      }
    },
    "../../node_modules/.pnpm/@floating-ui+dom@1.6.3/node_modules/@floating-ui/dom": {
      "version": "1.6.3",
      "license": "MIT",
      "dependencies": {
        "@floating-ui/core": "^1.0.0",
        "@floating-ui/utils": "^0.2.0"
      },
      "devDependencies": {
        "@types/react": "^18.2.46",
        "@types/react-dom": "^18.2.18",
        "@vitejs/plugin-react": "^4.2.1",
        "config": "0.0.0",
        "react": "^18.2.0",
        "react-dom": "^18.2.0",
        "react-router-dom": "^6.21.1"
      }
    },
    "../../node_modules/.pnpm/@sveltejs+package@2.2.7_svelte@3.59.2_typescript@5.5.4/node_modules/@sveltejs/package": {
      "version": "2.2.7",
      "dev": true,
      "license": "MIT",
      "dependencies": {
        "chokidar": "^3.6.0",
        "kleur": "^4.1.5",
        "sade": "^1.8.1",
        "semver": "^7.5.4",
        "svelte2tsx": "~0.7.0"
      },
      "bin": {
        "svelte-package": "svelte-package.js"
      },
      "devDependencies": {
        "@sveltejs/vite-plugin-svelte": "^3.0.1",
        "@types/node": "^18.19.3",
        "@types/semver": "^7.5.6",
        "svelte": "^4.2.10",
        "svelte-preprocess": "^5.1.3",
        "typescript": "^5.3.3",
        "uvu": "^0.5.6"
      },
      "engines": {
        "node": "^16.14 || >=18"
      },
      "peerDependencies": {
        "svelte": "^3.44.0 || ^4.0.0 || ^5.0.0-next.1"
      }
    },
    "../../node_modules/.pnpm/@sveltejs+vite-plugin-svelte@3.0.2_svelte@3.59.2_vite@5.3.4_@types+node@20.14.13_terser@5.31.3_/node_modules/@sveltejs/vite-plugin-svelte": {
      "version": "3.0.2",
      "dev": true,
      "license": "MIT",
      "dependencies": {
        "@sveltejs/vite-plugin-svelte-inspector": "^2.0.0",
        "debug": "^4.3.4",
        "deepmerge": "^4.3.1",
        "kleur": "^4.1.5",
        "magic-string": "^0.30.5",
        "svelte-hmr": "^0.15.3",
        "vitefu": "^0.2.5"
      },
      "devDependencies": {
        "@types/debug": "^4.1.12",
        "esbuild": "^0.19.12",
        "sass": "^1.70.0",
        "svelte": "^4.2.9",
        "vite": "^5.0.11"
      },
      "engines": {
        "node": "^18.0.0 || >=20"
      },
      "peerDependencies": {
        "svelte": "^4.0.0 || ^5.0.0-next.0",
        "vite": "^5.0.0"
      }
    },
    "../../node_modules/.pnpm/@types+hast@3.0.4/node_modules/@types/hast": {
      "version": "3.0.4",
      "license": "MIT",
      "dependencies": {
        "@types/unist": "*"
      }
    },
    "../../node_modules/.pnpm/mdast-util-from-markdown@2.0.0/node_modules/mdast-util-from-markdown": {
      "version": "2.0.0",
      "license": "MIT",
      "dependencies": {
        "@types/mdast": "^4.0.0",
        "@types/unist": "^3.0.0",
        "decode-named-character-reference": "^1.0.0",
        "devlop": "^1.0.0",
        "mdast-util-to-string": "^4.0.0",
        "micromark": "^4.0.0",
        "micromark-util-decode-numeric-character-reference": "^2.0.0",
        "micromark-util-decode-string": "^2.0.0",
        "micromark-util-normalize-identifier": "^2.0.0",
        "micromark-util-symbol": "^2.0.0",
        "micromark-util-types": "^2.0.0",
        "unist-util-stringify-position": "^4.0.0"
      },
      "devDependencies": {
        "@types/node": "^20.0.0",
        "c8": "^8.0.0",
        "commonmark.json": "^0.30.0",
        "esbuild": "^0.18.0",
        "gzip-size-cli": "^5.0.0",
        "hast-util-from-html": "^1.0.0",
        "hast-util-to-html": "^8.0.0",
        "mdast-util-to-hast": "^12.0.0",
        "micromark-build": "^2.0.0",
        "prettier": "^2.0.0",
        "remark-cli": "^11.0.0",
        "remark-preset-wooorm": "^9.0.0",
        "terser": "^5.0.0",
        "type-coverage": "^2.0.0",
        "typescript": "^5.0.0",
        "xo": "^0.54.0"
      },
      "funding": {
        "type": "opencollective",
        "url": "https://opencollective.com/unified"
      }
    },
    "../../node_modules/.pnpm/mdast-util-gfm@3.0.0/node_modules/mdast-util-gfm": {
      "version": "3.0.0",
      "license": "MIT",
      "dependencies": {
        "mdast-util-from-markdown": "^2.0.0",
        "mdast-util-gfm-autolink-literal": "^2.0.0",
        "mdast-util-gfm-footnote": "^2.0.0",
        "mdast-util-gfm-strikethrough": "^2.0.0",
        "mdast-util-gfm-table": "^2.0.0",
        "mdast-util-gfm-task-list-item": "^2.0.0",
        "mdast-util-to-markdown": "^2.0.0"
      },
      "devDependencies": {
        "@types/node": "^20.0.0",
        "c8": "^8.0.0",
        "github-slugger": "^2.0.0",
        "hast-util-to-html": "^8.0.0",
        "mdast-util-to-hast": "^12.0.0",
        "micromark-extension-gfm": "^3.0.0",
        "prettier": "^2.0.0",
        "remark-cli": "^11.0.0",
        "remark-preset-wooorm": "^9.0.0",
        "type-coverage": "^2.0.0",
        "typescript": "^5.0.0",
        "undici": "^5.0.0",
        "xo": "^0.54.0"
      },
      "funding": {
        "type": "opencollective",
        "url": "https://opencollective.com/unified"
      }
    },
    "../../node_modules/.pnpm/mdast-util-to-hast@13.1.0/node_modules/mdast-util-to-hast": {
      "version": "13.1.0",
      "license": "MIT",
      "dependencies": {
        "@types/hast": "^3.0.0",
        "@types/mdast": "^4.0.0",
        "@ungap/structured-clone": "^1.0.0",
        "devlop": "^1.0.0",
        "micromark-util-sanitize-uri": "^2.0.0",
        "trim-lines": "^3.0.0",
        "unist-util-position": "^5.0.0",
        "unist-util-visit": "^5.0.0",
        "vfile": "^6.0.0"
      },
      "devDependencies": {
        "@types/node": "^20.0.0",
        "@types/ungap__structured-clone": "^1.0.0",
        "c8": "^9.0.0",
        "hast-util-to-html": "^9.0.0",
        "hastscript": "^8.0.0",
        "mdast-util-from-markdown": "^2.0.0",
        "mdast-util-gfm": "^3.0.0",
        "micromark-extension-gfm": "^3.0.0",
        "prettier": "^3.0.0",
        "remark-cli": "^11.0.0",
        "remark-preset-wooorm": "^9.0.0",
        "type-coverage": "^2.0.0",
        "typescript": "^5.0.0",
        "xo": "^0.56.0"
      },
      "funding": {
        "type": "opencollective",
        "url": "https://opencollective.com/unified"
      }
    },
    "../../node_modules/.pnpm/shiki@1.1.7/node_modules/shiki": {
      "version": "1.1.7",
      "license": "MIT",
      "dependencies": {
        "@shikijs/core": "1.1.7"
      },
      "devDependencies": {
        "tm-grammars": "^1.4.4",
        "tm-themes": "^1.1.3",
        "vscode-oniguruma": "^1.7.0"
      }
    },
    "../../node_modules/.pnpm/svelte-language-server@0.16.5_@babel+core@7.24.9_postcss-load-config@3.1.4_postcss@8.4.39__postcss@8.4.39/node_modules/svelte-language-server": {
      "version": "0.16.5",
      "license": "MIT",
      "dependencies": {
        "@jridgewell/trace-mapping": "^0.3.17",
        "@vscode/emmet-helper": "2.8.4",
        "chokidar": "^3.4.1",
        "estree-walker": "^2.0.1",
        "fast-glob": "^3.2.7",
        "lodash": "^4.17.21",
        "prettier": "~3.2.5",
        "prettier-plugin-svelte": "^3.2.2",
        "svelte": "^3.57.0",
        "svelte-preprocess": "^5.1.3",
        "svelte2tsx": "~0.7.0",
        "typescript": "^5.3.2",
        "typescript-auto-import-cache": "^0.3.2",
        "vscode-css-languageservice": "~6.2.10",
        "vscode-html-languageservice": "~5.1.1",
        "vscode-languageserver": "8.0.2",
        "vscode-languageserver-protocol": "3.17.2",
        "vscode-languageserver-types": "3.17.2",
        "vscode-uri": "~3.0.0"
      },
      "bin": {
        "svelteserver": "bin/server.js"
      },
      "devDependencies": {
        "@types/estree": "^0.0.42",
        "@types/lodash": "^4.14.116",
        "@types/mocha": "^9.1.0",
        "@types/node": "^16.0.0",
        "@types/prettier": "^2.2.3",
        "@types/sinon": "^7.5.2",
        "cross-env": "^7.0.2",
        "mocha": "^9.2.0",
        "sinon": "^11.0.0",
        "ts-node": "^10.0.0"
      },
      "engines": {
        "node": ">= 12.0.0"
      }
    },
    "../../node_modules/.pnpm/svelte@3.59.2/node_modules/svelte": {
      "version": "3.59.2",
      "license": "MIT",
      "peer": true,
      "devDependencies": {
        "@ampproject/remapping": "^0.3.0",
        "@jridgewell/sourcemap-codec": "^1.4.15",
        "@rollup/plugin-commonjs": "^11.0.0",
        "@rollup/plugin-json": "^6.0.0",
        "@rollup/plugin-node-resolve": "^11.2.1",
        "@rollup/plugin-replace": "^5.0.2",
        "@rollup/plugin-sucrase": "^3.1.0",
        "@rollup/plugin-typescript": "^2.0.1",
        "@rollup/plugin-virtual": "^3.0.1",
        "@sveltejs/eslint-config": "github:sveltejs/eslint-config#v5.8.0",
        "@types/aria-query": "^5.0.1",
        "@types/mocha": "^7.0.0",
        "@types/node": "^8.10.53",
        "@typescript-eslint/eslint-plugin": "^5.29.0",
        "@typescript-eslint/parser": "^5.29.0",
        "acorn": "^8.8.1",
        "agadoo": "^3.0.0",
        "aria-query": "^5.1.3",
        "axobject-query": "^3.1.1",
        "code-red": "^1.0.0",
        "css-tree": "^2.3.1",
        "eslint": "^8.35.0",
        "eslint-plugin-import": "^2.27.0",
        "eslint-plugin-svelte3": "^4.0.0",
        "estree-walker": "^3.0.3",
        "is-reference": "^3.0.1",
        "jsdom": "^15.2.1",
        "kleur": "^4.1.5",
        "locate-character": "^2.0.5",
        "magic-string": "^0.30.0",
        "mocha": "^7.0.0",
        "periscopic": "^3.1.0",
        "puppeteer": "^2.0.0",
        "rollup": "^1.27.14",
        "source-map": "^0.7.4",
        "source-map-support": "^0.5.21",
        "tiny-glob": "^0.2.9",
        "tslib": "^2.5.0",
        "typescript": "^3.7.5",
        "util": "^0.12.5"
      },
      "engines": {
        "node": ">= 8"
      }
    },
    "../../node_modules/.pnpm/svelte2tsx@0.7.4_svelte@3.59.2_typescript@5.5.4/node_modules/svelte2tsx": {
      "version": "0.7.4",
      "dev": true,
      "license": "MIT",
      "dependencies": {
        "dedent-js": "^1.0.1",
        "pascal-case": "^3.1.1"
      },
      "devDependencies": {
        "@jridgewell/sourcemap-codec": "^1.4.14",
        "@jridgewell/trace-mapping": "^0.3.17",
        "@rollup/plugin-commonjs": "^24.0.0",
        "@rollup/plugin-json": "^6.0.0",
        "@rollup/plugin-node-resolve": "^15.0.0",
        "@rollup/plugin-typescript": "^10.0.0",
        "@types/estree": "^0.0.42",
        "@types/mocha": "^9.1.0",
        "@types/node": "^16.0.0",
        "@types/unist": "^2.0.3",
        "@types/vfile": "^3.0.2",
        "builtin-modules": "^3.3.0",
        "estree-walker": "^2.0.1",
        "magic-string": "^0.27.0",
        "mocha": "^9.2.0",
        "periscopic": "^2.0.2",
        "rollup": "3.7.5",
        "rollup-plugin-delete": "^2.0.0",
        "source-map-support": "^0.5.16",
        "svelte": "~3.57.0",
        "tiny-glob": "^0.2.6",
        "tslib": "^2.4.0",
        "typescript": "^5.3.2"
      },
      "peerDependencies": {
        "svelte": "^3.55 || ^4.0.0-next.0 || ^4.0 || ^5.0.0-next.0",
        "typescript": "^4.9.4 || ^5.0.0"
      }
    },
    "../../node_modules/.pnpm/typescript@5.5.4/node_modules/typescript": {
      "version": "5.5.4",
      "license": "Apache-2.0",
      "bin": {
        "tsc": "bin/tsc",
        "tsserver": "bin/tsserver"
      },
      "devDependencies": {
        "@dprint/formatter": "^0.3.0",
        "@dprint/typescript": "0.91.0",
        "@esfx/canceltoken": "^1.0.0",
        "@octokit/rest": "^20.1.1",
        "@types/chai": "^4.3.16",
        "@types/microsoft__typescript-etw": "^0.1.3",
        "@types/minimist": "^1.2.5",
        "@types/mocha": "^10.0.6",
        "@types/ms": "^0.7.34",
        "@types/node": "latest",
        "@types/source-map-support": "^0.5.10",
        "@types/which": "^3.0.3",
        "@typescript-eslint/eslint-plugin": "^7.11.0",
        "@typescript-eslint/parser": "^7.11.0",
        "@typescript-eslint/utils": "^7.11.0",
        "azure-devops-node-api": "^13.0.0",
        "c8": "^9.1.0",
        "chai": "^4.4.1",
        "chalk": "^4.1.2",
        "chokidar": "^3.6.0",
        "diff": "^5.2.0",
        "dprint": "^0.46.1",
        "esbuild": "^0.21.4",
        "eslint": "^8.57.0",
        "eslint-formatter-autolinkable-stylish": "^1.3.0",
        "eslint-plugin-local": "^4.2.2",
        "fast-xml-parser": "^4.4.0",
        "glob": "^10.4.1",
        "hereby": "^1.8.9",
        "jsonc-parser": "^3.2.1",
        "minimist": "^1.2.8",
        "mocha": "^10.4.0",
        "mocha-fivemat-progress-reporter": "^0.1.0",
        "ms": "^2.1.3",
        "node-fetch": "^3.3.2",
        "playwright": "^1.44.1",
        "source-map-support": "^0.5.21",
        "tslib": "^2.6.2",
        "typescript": "^5.4.5",
        "which": "^3.0.1"
      },
      "engines": {
        "node": ">=14.17"
      }
    },
    "../../node_modules/.pnpm/vitest@1.3.1_@types+node@20.14.13_terser@5.31.3/node_modules/vitest": {
      "version": "1.3.1",
      "dev": true,
      "license": "MIT",
      "dependencies": {
        "@vitest/expect": "1.3.1",
        "@vitest/runner": "1.3.1",
        "@vitest/snapshot": "1.3.1",
        "@vitest/spy": "1.3.1",
        "@vitest/utils": "1.3.1",
        "acorn-walk": "^8.3.2",
        "chai": "^4.3.10",
        "debug": "^4.3.4",
        "execa": "^8.0.1",
        "local-pkg": "^0.5.0",
        "magic-string": "^0.30.5",
        "pathe": "^1.1.1",
        "picocolors": "^1.0.0",
        "std-env": "^3.5.0",
        "strip-literal": "^2.0.0",
        "tinybench": "^2.5.1",
        "tinypool": "^0.8.2",
        "vite": "^5.0.0",
        "vite-node": "1.3.1",
        "why-is-node-running": "^2.2.2"
      },
      "bin": {
        "vitest": "vitest.mjs"
      },
      "devDependencies": {
        "@ampproject/remapping": "^2.2.1",
        "@antfu/install-pkg": "^0.3.1",
        "@edge-runtime/vm": "^3.1.8",
        "@sinonjs/fake-timers": "11.1.0",
        "@types/estree": "^1.0.5",
        "@types/istanbul-lib-coverage": "^2.0.6",
        "@types/istanbul-reports": "^3.0.4",
        "@types/jsdom": "^21.1.6",
        "@types/micromatch": "^4.0.6",
        "@types/node": "^20.11.5",
        "@types/prompts": "^2.4.9",
        "@types/sinonjs__fake-timers": "^8.1.5",
        "birpc": "0.2.15",
        "cac": "^6.7.14",
        "chai-subset": "^1.6.0",
        "cli-truncate": "^4.0.0",
        "expect-type": "^0.17.3",
        "fast-glob": "^3.3.2",
        "find-up": "^6.3.0",
        "flatted": "^3.2.9",
        "get-tsconfig": "^4.7.2",
        "happy-dom": "^13.3.8",
        "jsdom": "^24.0.0",
        "log-update": "^5.0.1",
        "micromatch": "^4.0.5",
        "p-limit": "^5.0.0",
        "pretty-format": "^29.7.0",
        "prompts": "^2.4.2",
        "strip-ansi": "^7.1.0",
        "ws": "^8.14.2"
      },
      "engines": {
        "node": "^18.0.0 || >=20.0.0"
      },
      "funding": {
        "url": "https://opencollective.com/vitest"
      },
      "peerDependencies": {
        "@edge-runtime/vm": "*",
        "@types/node": "^18.0.0 || >=20.0.0",
        "@vitest/browser": "1.3.1",
        "@vitest/ui": "1.3.1",
        "happy-dom": "*",
        "jsdom": "*"
      },
      "peerDependenciesMeta": {
        "@edge-runtime/vm": {
          "optional": true
        },
        "@types/node": {
          "optional": true
        },
        "@vitest/browser": {
          "optional": true
        },
        "@vitest/ui": {
          "optional": true
        },
        "happy-dom": {
          "optional": true
        },
        "jsdom": {
          "optional": true
        }
      }
    },
    "node_modules/@floating-ui/dom": {
      "resolved": "../../node_modules/.pnpm/@floating-ui+dom@1.6.3/node_modules/@floating-ui/dom",
      "link": true
    },
    "node_modules/@shikijs/core": {
      "version": "1.16.1",
      "resolved": "https://registry.npmjs.org/@shikijs/core/-/core-1.16.1.tgz",
      "integrity": "sha512-aI0hBtw+a6KsJp2jcD4YuQqKpeCbURMZbhHVozDknJpm+KJqeMRkEnfBC8BaKE/5XC+uofPgCLsa/TkTk0Ba0w==",
      "dependencies": {
        "@shikijs/vscode-textmate": "^9.2.0",
        "@types/hast": "^3.0.4"
      }
    },
    "node_modules/@shikijs/twoslash": {
      "version": "1.16.1",
      "resolved": "https://registry.npmjs.org/@shikijs/twoslash/-/twoslash-1.16.1.tgz",
      "integrity": "sha512-//zj64hG+JmgBizgbwUO7gLQRClHfAhND1taq5K5gcfMk1J2XJ3OGAvWKEuSpKEaIk5qmrM4CVVgo68GBseABg==",
      "dependencies": {
        "@shikijs/core": "1.16.1",
        "twoslash": "^0.2.10"
      }
    },
    "node_modules/@shikijs/vscode-textmate": {
      "version": "9.2.0",
      "resolved": "https://registry.npmjs.org/@shikijs/vscode-textmate/-/vscode-textmate-9.2.0.tgz",
      "integrity": "sha512-5FinaOp6Vdh/dl4/yaOTh0ZeKch+rYS8DUb38V3GMKYVkdqzxw53lViRKUYkVILRiVQT7dcPC7VvAKOR73zVtQ=="
    },
    "node_modules/@sveltejs/package": {
      "resolved": "../../node_modules/.pnpm/@sveltejs+package@2.2.7_svelte@3.59.2_typescript@5.5.4/node_modules/@sveltejs/package",
      "link": true
    },
    "node_modules/@sveltejs/vite-plugin-svelte": {
      "resolved": "../../node_modules/.pnpm/@sveltejs+vite-plugin-svelte@3.0.2_svelte@3.59.2_vite@5.3.4_@types+node@20.14.13_terser@5.31.3_/node_modules/@sveltejs/vite-plugin-svelte",
      "link": true
    },
    "node_modules/@types/hast": {
      "resolved": "../../node_modules/.pnpm/@types+hast@3.0.4/node_modules/@types/hast",
      "link": true
    },
    "node_modules/@typescript/vfs": {
      "version": "1.6.0",
      "resolved": "https://registry.npmjs.org/@typescript/vfs/-/vfs-1.6.0.tgz",
      "integrity": "sha512-hvJUjNVeBMp77qPINuUvYXj4FyWeeMMKZkxEATEU3hqBAQ7qdTBCUFT7Sp0Zu0faeEtFf+ldXxMEDr/bk73ISg==",
      "dependencies": {
        "debug": "^4.1.1"
      },
      "peerDependencies": {
        "typescript": "*"
      }
    },
    "node_modules/debug": {
      "version": "4.3.6",
      "resolved": "https://registry.npmjs.org/debug/-/debug-4.3.6.tgz",
      "integrity": "sha512-O/09Bd4Z1fBrU4VzkhFqVgpPzaGbw6Sm9FEkBT1A/YBXQFGuuSxa1dN2nxgxS34JmKXqYx8CZAwEVoJFImUXIg==",
      "dependencies": {
        "ms": "2.1.2"
      },
      "engines": {
        "node": ">=6.0"
      },
      "peerDependenciesMeta": {
        "supports-color": {
          "optional": true
        }
      }
    },
    "node_modules/mdast-util-from-markdown": {
      "resolved": "../../node_modules/.pnpm/mdast-util-from-markdown@2.0.0/node_modules/mdast-util-from-markdown",
      "link": true
    },
    "node_modules/mdast-util-gfm": {
      "resolved": "../../node_modules/.pnpm/mdast-util-gfm@3.0.0/node_modules/mdast-util-gfm",
      "link": true
    },
    "node_modules/mdast-util-to-hast": {
      "resolved": "../../node_modules/.pnpm/mdast-util-to-hast@13.1.0/node_modules/mdast-util-to-hast",
      "link": true
    },
    "node_modules/ms": {
      "version": "2.1.2",
      "resolved": "https://registry.npmjs.org/ms/-/ms-2.1.2.tgz",
      "integrity": "sha512-sGkPx+VjMtmA6MX27oA4FBFELFCZZ4S4XqeGOXCv68tT+jb3vk/RyaKWP0PTKyWtmLSM0b+adUTEvbs1PEaH2w=="
    },
    "node_modules/shiki": {
      "resolved": "../../node_modules/.pnpm/shiki@1.1.7/node_modules/shiki",
      "link": true
    },
    "node_modules/svelte": {
      "resolved": "../../node_modules/.pnpm/svelte@3.59.2/node_modules/svelte",
      "link": true
    },
    "node_modules/svelte-language-server": {
      "resolved": "../../node_modules/.pnpm/svelte-language-server@0.16.5_@babel+core@7.24.9_postcss-load-config@3.1.4_postcss@8.4.39__postcss@8.4.39/node_modules/svelte-language-server",
      "link": true
    },
    "node_modules/svelte2tsx": {
      "resolved": "../../node_modules/.pnpm/svelte2tsx@0.7.4_svelte@3.59.2_typescript@5.5.4/node_modules/svelte2tsx",
      "link": true
    },
    "node_modules/twoslash": {
      "version": "0.2.10",
      "resolved": "https://registry.npmjs.org/twoslash/-/twoslash-0.2.10.tgz",
      "integrity": "sha512-EBnFbGSD7VtPYCYe8tnx5wDzTfQ2wDS10J89BnTr97Zu2+wRD/CskNLPvvDEZofb37mLSce/YuTP8GgGj+vSOg==",
      "dependencies": {
        "@typescript/vfs": "^1.6.0",
        "twoslash-protocol": "0.2.10"
      },
      "peerDependencies": {
        "typescript": "*"
      }
    },
    "node_modules/twoslash-protocol": {
      "version": "0.2.10",
      "resolved": "https://registry.npmjs.org/twoslash-protocol/-/twoslash-protocol-0.2.10.tgz",
      "integrity": "sha512-9sFHqPUexUPKAZM2e0dbAh0Hwkxd5fqSKWWMQ8Ah+O6MeYEUDGuWUUw5aUfS6veAqo+24VfV3xF0Vj0ZbH7x3Q=="
    },
    "node_modules/typescript": {
      "resolved": "../../node_modules/.pnpm/typescript@5.5.4/node_modules/typescript",
      "link": true
    },
    "node_modules/vitest": {
      "resolved": "../../node_modules/.pnpm/vitest@1.3.1_@types+node@20.14.13_terser@5.31.3/node_modules/vitest",
      "link": true
    }
  }
}
